
Microsoft Visual Studio Solution File, Format Version 12.00
# Visual Studio Version 17
VisualStudioVersion = 17.0.31611.283
MinimumVisualStudioVersion = 10.0.40219.1
Project("{9A19103F-16F7-4668-BE54-9A1E7A4F7556}") = "SportsSpots", "SportsSpots.csproj", "{563BBD68-D194-404D-A75C-25E2CBCE24D4}"
EndProject
Project("{9A19103F-16F7-4668-BE54-9A1E7A4F7556}") = "ConsoleProject", "..\ConsoleProject\ConsoleProject.csproj", "{85805753-504D-4326-A5F4-2BD7F9C673EF}"
EndProject
Project("{9A19103F-16F7-4668-BE54-9A1E7A4F7556}") = "Model", "..\Model\Model.csproj", "{913E5E40-2E58-4BFB-832C-DDF2948A9774}"
EndProject
Global
	GlobalSection(SolutionConfigurationPlatforms) = preSolution
		Debug|Any CPU = Debug|Any CPU
		Release|Any CPU = Release|Any CPU
	EndGlobalSection
	GlobalSection(ProjectConfigurationPlatforms) = postSolution
		{563BBD68-D194-404D-A75C-25E2CBCE24D4}.Debug|Any CPU.ActiveCfg = Debug|Any CPU
		{563BBD68-D194-404D-A75C-25E2CBCE24D4}.Debug|Any CPU.Build.0 = Debug|Any CPU
		{563BBD68-D194-404D-A75C-25E2CBCE24D4}.Debug|Any CPU.Deploy.0 = Debug|Any CPU
		{563BBD68-D194-404D-A75C-25E2CBCE24D4}.Release|Any CPU.ActiveCfg = Release|Any CPU
		{563BBD68-D194-404D-A75C-25E2CBCE24D4}.Release|Any CPU.Build.0 = Release|Any CPU
		{563BBD68-D194-404D-A75C-25E2CBCE24D4}.Release|Any CPU.Deploy.0 = Release|Any CPU
		{85805753-504D-4326-A5F4-2BD7F9C673EF}.Debug|Any CPU.ActiveCfg = Debug|Any CPU
		{85805753-504D-4326-A5F4-2BD7F9C673EF}.Debug|Any CPU.Build.0 = Debug|Any CPU
		{85805753-504D-4326-A5F4-2BD7F9C673EF}.Release|Any CPU.ActiveCfg = Release|Any CPU
		{85805753-504D-4326-A5F4-2BD7F9C673EF}.Release|Any CPU.Build.0 = Release|Any CPU
		{913E5E40-2E58-4BFB-832C-DDF2948A9774}.Debug|Any CPU.ActiveCfg = Debug|Any CPU
		{913E5E40-2E58-4BFB-832C-DDF2948A9774}.Debug|Any CPU.Build.0 = Debug|Any CPU
		{913E5E40-2E58-4BFB-832C-DDF2948A9774}.Release|Any CPU.ActiveCfg = Release|Any CPU
		{913E5E40-2E58-4BFB-832C-DDF2948A9774}.Release|Any CPU.Build.0 = Release|Any CPU
	EndGlobalSection
	GlobalSection(SolutionProperties) = preSolution
		HideSolutionNode = FALSE
	EndGlobalSection
	GlobalSection(ExtensibilityGlobals) = postSolution
		SolutionGuid = {61F7FB11-1E47-470C-91E2-47F8143E1572}
	EndGlobalSection
EndGlobal
